<?xml version="1.0" encoding="utf-8"?>
<Project ToolsVersion="4.0" xmlns="http://schemas.microsoft.com/developer/msbuild/2003">
  <ItemGroup>
    <Filter Include="페이지">
      <UniqueIdentifier>{f22a95e0-b3f0-44f1-8a27-925a47bbe800}</UniqueIdentifier>
    </Filter>
    <Filter Include="리소스 파일">
      <UniqueIdentifier>{67DA6AB6-F800-4c08-8B7A-83BB121AAD01}</UniqueIdentifier>
      <Extensions>rc;ico;cur;bmp;dlg;rc2;rct;bin;rgs;gif;jpg;jpeg;jpe;resx;tiff;tif;png;wav;mfcribbon-ms</Extensions>
    </Filter>
    <Filter Include="CSS">
      <UniqueIdentifier>{102d280b-6d24-48bb-9885-33553e199f93}</UniqueIdentifier>
    </Filter>
    <Filter Include="CSS\Page">
      <UniqueIdentifier>{48f1cf48-f81e-4374-81d9-caf198421947}</UniqueIdentifier>
    </Filter>
    <Filter Include="CSS\Global">
      <UniqueIdentifier>{9aa68a0a-8139-4a6c-b0f8-64a70ac91206}</UniqueIdentifier>
    </Filter>
    <Filter Include="CSS\Library">
      <UniqueIdentifier>{85d19766-2edb-4174-be38-8755b38b1b12}</UniqueIdentifier>
    </Filter>
  </ItemGroup>
  <ItemGroup>
    <None Include="Estimate_Broadcast.html">
      <Filter>페이지</Filter>
    </None>
    <None Include="Estimate_Business.html">
      <Filter>페이지</Filter>
    </None>
    <None Include="Estimate_Game.html">
      <Filter>페이지</Filter>
    </None>
    <None Include="Home.html">
      <Filter>페이지</Filter>
    </None>
    <None Include="Intro.html">
      <Filter>페이지</Filter>
    </None>
    <None Include="KnowParts.html">
      <Filter>페이지</Filter>
    </None>
    <None Include="KnowParts_Device.html">
      <Filter>페이지</Filter>
    </None>
    <None Include="KnowParts_Device_Headset.html">
      <Filter>페이지</Filter>
    </None>
    <None Include="KnowParts_Device_Keyboard.html">
      <Filter>페이지</Filter>
    </None>
    <None Include="KnowParts_Device_Monitor.html">
      <Filter>페이지</Filter>
    </None>
    <None Include="KnowParts_Device_Mouse.html">
      <Filter>페이지</Filter>
    </None>
    <None Include="KnowParts_Device_Speaker.html">
      <Filter>페이지</Filter>
    </None>
    <None Include="KnowParts_Main.html">
      <Filter>페이지</Filter>
    </None>
    <None Include="KnowParts_Main_CPU.html">
      <Filter>페이지</Filter>
    </None>
    <None Include="KnowParts_Main_RAM.html">
      <Filter>페이지</Filter>
    </None>
    <None Include="KnowParts_Main_SSD.html">
      <Filter>페이지</Filter>
    </None>
    <None Include="KnowParts_Main_VGA.html">
      <Filter>페이지</Filter>
    </None>
    <None Include="KnowParts_Other.html">
      <Filter>페이지</Filter>
    </None>
    <None Include="KnowParts_Other_Case.html">
      <Filter>페이지</Filter>
    </None>
    <None Include="KnowParts_Other_Cooler.html">
      <Filter>페이지</Filter>
    </None>
    <None Include="KnowParts_Other_Power.html">
      <Filter>페이지</Filter>
    </None>
    <None Include="Preset_Business_Design.html">
      <Filter>페이지</Filter>
    </None>
    <None Include="Preset_Business_Sound.html">
      <Filter>페이지</Filter>
    </None>
    <None Include="Preset_Business_Structure.html">
      <Filter>페이지</Filter>
    </None>
    <None Include="Preset_Business_Video.html">
      <Filter>페이지</Filter>
    </None>
    <None Include="Preset_Game_High.html">
      <Filter>페이지</Filter>
    </None>
    <None Include="Preset_Game_Low.html">
      <Filter>페이지</Filter>
    </None>
    <None Include="Preset_Game_Medium.html">
      <Filter>페이지</Filter>
    </None>
    <None Include="Preset_Game_Ultra.html">
      <Filter>페이지</Filter>
    </None>
    <None Include="PurchaseSite.html">
      <Filter>페이지</Filter>
    </None>
    <None Include="PurchaseSite_Hardware.html">
      <Filter>페이지</Filter>
    </None>
    <None Include="PurchaseSite_Software.html">
      <Filter>페이지</Filter>
    </None>
    <None Include="Home_EasterEgg.html">
      <Filter>페이지</Filter>
    </None>
    <None Include="Estimate_Office.html">
      <Filter>페이지</Filter>
    </None>
    <None Include="Css\Global\_All.css">
      <Filter>CSS\Global</Filter>
    </None>
    <None Include="Css\Global\Article.css">
      <Filter>CSS\Global</Filter>
    </None>
    <None Include="Css\Global\Footer.css">
      <Filter>CSS\Global</Filter>
    </None>
    <None Include="Css\Global\Header.css">
      <Filter>CSS\Global</Filter>
    </None>
    <None Include="Css\Global\Nav.css">
      <Filter>CSS\Global</Filter>
    </None>
    <None Include="Css\Page\Home.css">
      <Filter>CSS\Page</Filter>
    </None>
    <None Include="Css\Page\Intro.css">
      <Filter>CSS\Page</Filter>
    </None>
    <None Include="Css\Page\Knowparts_X_Y.css">
      <Filter>CSS\Page</Filter>
    </None>
    <None Include="Css\Library\Menu_Num2.css">
      <Filter>CSS\Library</Filter>
    </None>
    <None Include="Css\Library\Menu_Num3.css">
      <Filter>CSS\Library</Filter>
    </None>
    <None Include="Css\Library\Menu_Num4.css">
      <Filter>CSS\Library</Filter>
    </None>
    <None Include="Css\Library\Menu_Num5.css">
      <Filter>CSS\Library</Filter>
    </None>
    <None Include="Css\Page\PurchaseSite_X.css">
      <Filter>CSS\Page</Filter>
    </None>
  </ItemGroup>
</Project>