<?xml version="1.0" encoding="utf-8"?>
<Project ToolsVersion="4.0" xmlns="http://schemas.microsoft.com/developer/msbuild/2003">
  <ItemGroup>
    <Filter Include="페이지">
      <UniqueIdentifier>{f22a95e0-b3f0-44f1-8a27-925a47bbe800}</UniqueIdentifier>
    </Filter>
    <Filter Include="CSS">
      <UniqueIdentifier>{102d280b-6d24-48bb-9885-33553e199f93}</UniqueIdentifier>
    </Filter>
    <Filter Include="CSS\Page">
      <UniqueIdentifier>{48f1cf48-f81e-4374-81d9-caf198421947}</UniqueIdentifier>
    </Filter>
    <Filter Include="CSS\Global">
      <UniqueIdentifier>{9aa68a0a-8139-4a6c-b0f8-64a70ac91206}</UniqueIdentifier>
    </Filter>
    <Filter Include="CSS\Library">
      <UniqueIdentifier>{85d19766-2edb-4174-be38-8755b38b1b12}</UniqueIdentifier>
    </Filter>
    <Filter Include="HTML_Frame">
      <UniqueIdentifier>{6f1576a4-7cac-4c45-8472-0dcc94a19345}</UniqueIdentifier>
    </Filter>
    <Filter Include="JavaScript">
      <UniqueIdentifier>{acfe57d8-44db-4a0b-b2be-9419f287bb2b}</UniqueIdentifier>
    </Filter>
  </ItemGroup>
  <ItemGroup>
    <None Include="Home.html">
      <Filter>페이지</Filter>
    </None>
    <None Include="Intro.html">
      <Filter>페이지</Filter>
    </None>
    <None Include="KnowParts.html">
      <Filter>페이지</Filter>
    </None>
    <None Include="KnowParts_Device.html">
      <Filter>페이지</Filter>
    </None>
    <None Include="KnowParts_Device_Headset.html">
      <Filter>페이지</Filter>
    </None>
    <None Include="KnowParts_Device_Keyboard.html">
      <Filter>페이지</Filter>
    </None>
    <None Include="KnowParts_Device_Monitor.html">
      <Filter>페이지</Filter>
    </None>
    <None Include="KnowParts_Device_Mouse.html">
      <Filter>페이지</Filter>
    </None>
    <None Include="KnowParts_Device_Speaker.html">
      <Filter>페이지</Filter>
    </None>
    <None Include="KnowParts_Main.html">
      <Filter>페이지</Filter>
    </None>
    <None Include="KnowParts_Main_CPU.html">
      <Filter>페이지</Filter>
    </None>
    <None Include="KnowParts_Main_RAM.html">
      <Filter>페이지</Filter>
    </None>
    <None Include="KnowParts_Main_SSD.html">
      <Filter>페이지</Filter>
    </None>
    <None Include="KnowParts_Main_VGA.html">
      <Filter>페이지</Filter>
    </None>
    <None Include="KnowParts_Other.html">
      <Filter>페이지</Filter>
    </None>
    <None Include="KnowParts_Other_Case.html">
      <Filter>페이지</Filter>
    </None>
    <None Include="KnowParts_Other_Cooler.html">
      <Filter>페이지</Filter>
    </None>
    <None Include="KnowParts_Other_Power.html">
      <Filter>페이지</Filter>
    </None>
    <None Include="Preset_Business_Design.html">
      <Filter>페이지</Filter>
    </None>
    <None Include="Preset_Business_Sound.html">
      <Filter>페이지</Filter>
    </None>
    <None Include="Preset_Business_Video.html">
      <Filter>페이지</Filter>
    </None>
    <None Include="Preset_Game_High.html">
      <Filter>페이지</Filter>
    </None>
    <None Include="Preset_Game_Low.html">
      <Filter>페이지</Filter>
    </None>
    <None Include="Preset_Game_Medium.html">
      <Filter>페이지</Filter>
    </None>
    <None Include="Preset_Game_Ultra.html">
      <Filter>페이지</Filter>
    </None>
    <None Include="Home_EasterEgg.html">
      <Filter>페이지</Filter>
    </None>
    <None Include="Css\Global\_All.css">
      <Filter>CSS\Global</Filter>
    </None>
    <None Include="Css\Global\Article.css">
      <Filter>CSS\Global</Filter>
    </None>
    <None Include="Css\Global\Footer.css">
      <Filter>CSS\Global</Filter>
    </None>
    <None Include="Css\Global\Header.css">
      <Filter>CSS\Global</Filter>
    </None>
    <None Include="Css\Global\Nav.css">
      <Filter>CSS\Global</Filter>
    </None>
    <None Include="Css\Page\Home.css">
      <Filter>CSS\Page</Filter>
    </None>
    <None Include="Css\Page\Intro.css">
      <Filter>CSS\Page</Filter>
    </None>
    <None Include="Css\Page\Knowparts_X_Y.css">
      <Filter>CSS\Page</Filter>
    </None>
    <None Include="Css\Library\Menu_Num2.css">
      <Filter>CSS\Library</Filter>
    </None>
    <None Include="Css\Library\Menu_Num3.css">
      <Filter>CSS\Library</Filter>
    </None>
    <None Include="Css\Library\Menu_Num4.css">
      <Filter>CSS\Library</Filter>
    </None>
    <None Include="Css\Library\Menu_Num5.css">
      <Filter>CSS\Library</Filter>
    </None>
    <None Include="Css\Page\PurchaseSite_X.css">
      <Filter>CSS\Page</Filter>
    </None>
    <None Include="Preset_Broadcast.html">
      <Filter>페이지</Filter>
    </None>
    <None Include="Preset_Business.html">
      <Filter>페이지</Filter>
    </None>
    <None Include="Preset_Game.html">
      <Filter>페이지</Filter>
    </None>
    <None Include="Preset_Office.html">
      <Filter>페이지</Filter>
    </None>
    <None Include="Preset_Broadcast_Chat.html">
      <Filter>페이지</Filter>
    </None>
    <None Include="Preset_Broadcast_Game.html">
      <Filter>페이지</Filter>
    </None>
    <None Include="Preset_Broadcast_Chat_Cost.html">
      <Filter>페이지</Filter>
    </None>
    <None Include="Preset_Broadcast_Chat_Performance.html">
      <Filter>페이지</Filter>
    </None>
    <None Include="Preset_Broadcast_Game_Cost.html">
      <Filter>페이지</Filter>
    </None>
    <None Include="Preset_Broadcast_Game_Performance.html">
      <Filter>페이지</Filter>
    </None>
    <None Include="Preset_Business_Design_Cost.html">
      <Filter>페이지</Filter>
    </None>
    <None Include="Preset_Business_Design_Performance.html">
      <Filter>페이지</Filter>
    </None>
    <None Include="Preset_Business_Sound_Cost.html">
      <Filter>페이지</Filter>
    </None>
    <None Include="Preset_Business_Sound_Performance.html">
      <Filter>페이지</Filter>
    </None>
    <None Include="Preset_Business_Video_Cost.html">
      <Filter>페이지</Filter>
    </None>
    <None Include="Preset_Business_Video_Performance.html">
      <Filter>페이지</Filter>
    </None>
    <None Include="Preset_Game_High_Cost.html">
      <Filter>페이지</Filter>
    </None>
    <None Include="Preset_Game_High_Performance.html">
      <Filter>페이지</Filter>
    </None>
    <None Include="Preset_Game_Low_Cost.html">
      <Filter>페이지</Filter>
    </None>
    <None Include="Preset_Game_Low_Performance.html">
      <Filter>페이지</Filter>
    </None>
    <None Include="Preset_Game_Medium_Cost.html">
      <Filter>페이지</Filter>
    </None>
    <None Include="Preset_Game_Medium_Performance.html">
      <Filter>페이지</Filter>
    </None>
    <None Include="Preset_Game_Ultra_Cost.html">
      <Filter>페이지</Filter>
    </None>
    <None Include="Preset_Game_Ultra_Performance.html">
      <Filter>페이지</Filter>
    </None>
    <None Include="PurchaseSite_Game_Low_Cost_Hardware.html">
      <Filter>페이지</Filter>
    </None>
    <None Include="PurchaseSite_Game_Low_Cost_Software.html">
      <Filter>페이지</Filter>
    </None>
    <None Include="PurchaseSite_Game_Low_Performance_Hardware.html">
      <Filter>페이지</Filter>
    </None>
    <None Include="PurchaseSite_Game_Low_Performance_Software.html">
      <Filter>페이지</Filter>
    </None>
    <None Include="PurchaseSite_Game_Medium_Cost_Hardware.html">
      <Filter>페이지</Filter>
    </None>
    <None Include="PurchaseSite_Game_Medium_Cost_Software.html">
      <Filter>페이지</Filter>
    </None>
    <None Include="PurchaseSite_Game_Medium_Performance_Hardware.html">
      <Filter>페이지</Filter>
    </None>
    <None Include="PurchaseSite_Game_Medium_Performance_Software.html">
      <Filter>페이지</Filter>
    </None>
    <None Include="PurchaseSite_Game_Ultra_Cost_Hardware.html">
      <Filter>페이지</Filter>
    </None>
    <None Include="PurchaseSite_Game_Ultra_Cost_Software.html">
      <Filter>페이지</Filter>
    </None>
    <None Include="PurchaseSite_Game_Ultra_Performance_Hardware.html">
      <Filter>페이지</Filter>
    </None>
    <None Include="PurchaseSite_Game_Ultra_Performance_Software.html">
      <Filter>페이지</Filter>
    </None>
    <None Include="PurchaseSite_Office_Cost_Hardware.html">
      <Filter>페이지</Filter>
    </None>
    <None Include="PurchaseSite_Office_Cost_Software.html">
      <Filter>페이지</Filter>
    </None>
    <None Include="PurchaseSite_Office_Performance_Hardware.html">
      <Filter>페이지</Filter>
    </None>
    <None Include="PurchaseSite_Office_Performance_Software.html">
      <Filter>페이지</Filter>
    </None>
    <None Include="PurchaseSite_Broadcast_Chat_Cost_Hardware.html">
      <Filter>페이지</Filter>
    </None>
    <None Include="PurchaseSite_Broadcast_Chat_Cost_Software.html">
      <Filter>페이지</Filter>
    </None>
    <None Include="PurchaseSite_Broadcast_Chat_Performance_Hardware.html">
      <Filter>페이지</Filter>
    </None>
    <None Include="PurchaseSite_Broadcast_Chat_Performance_Software.html">
      <Filter>페이지</Filter>
    </None>
    <None Include="PurchaseSite_Broadcast_Game_Cost_Hardware.html">
      <Filter>페이지</Filter>
    </None>
    <None Include="PurchaseSite_Broadcast_Game_Cost_Software.html">
      <Filter>페이지</Filter>
    </None>
    <None Include="PurchaseSite_Broadcast_Game_Performance_Hardware.html">
      <Filter>페이지</Filter>
    </None>
    <None Include="PurchaseSite_Broadcast_Game_Performance_Software.html">
      <Filter>페이지</Filter>
    </None>
    <None Include="PurchaseSite_Business_Design_Cost_Hardware.html">
      <Filter>페이지</Filter>
    </None>
    <None Include="PurchaseSite_Business_Design_Cost_Software.html">
      <Filter>페이지</Filter>
    </None>
    <None Include="PurchaseSite_Business_Design_Performance_Hardware.html">
      <Filter>페이지</Filter>
    </None>
    <None Include="PurchaseSite_Business_Design_Performance_Software.html">
      <Filter>페이지</Filter>
    </None>
    <None Include="PurchaseSite_Business_Sound_Cost_Hardware.html">
      <Filter>페이지</Filter>
    </None>
    <None Include="PurchaseSite_Business_Sound_Cost_Software.html">
      <Filter>페이지</Filter>
    </None>
    <None Include="PurchaseSite_Business_Sound_Performance_Hardware.html">
      <Filter>페이지</Filter>
    </None>
    <None Include="PurchaseSite_Business_Sound_Performance_Software.html">
      <Filter>페이지</Filter>
    </None>
    <None Include="PurchaseSite_Business_Video_Cost_Hardware.html">
      <Filter>페이지</Filter>
    </None>
    <None Include="PurchaseSite_Business_Video_Cost_Software.html">
      <Filter>페이지</Filter>
    </None>
    <None Include="PurchaseSite_Business_Video_Performance_Hardware.html">
      <Filter>페이지</Filter>
    </None>
    <None Include="PurchaseSite_Business_Video_Performance_Software.html">
      <Filter>페이지</Filter>
    </None>
    <None Include="PurchaseSite_Game_High_Cost_Hardware.html">
      <Filter>페이지</Filter>
    </None>
    <None Include="PurchaseSite_Game_High_Cost_Software.html">
      <Filter>페이지</Filter>
    </None>
    <None Include="PurchaseSite_Game_High_Performance_Hardware.html">
      <Filter>페이지</Filter>
    </None>
    <None Include="PurchaseSite_Game_High_Performance_Software.html">
      <Filter>페이지</Filter>
    </None>
    <None Include="Preset_Office_Cost.html">
      <Filter>페이지</Filter>
    </None>
    <None Include="Preset_Office_Performance.html">
      <Filter>페이지</Filter>
    </None>
    <None Include="_Home.html">
      <Filter>HTML_Frame</Filter>
    </None>
    <None Include="_KnowParts.html">
      <Filter>HTML_Frame</Filter>
    </None>
    <None Include="_PurchaseSite.html">
      <Filter>HTML_Frame</Filter>
    </None>
    <None Include="_PurchaseSite_Hardware.html">
      <Filter>HTML_Frame</Filter>
    </None>
    <None Include="_PurchaseSite_Software.html">
      <Filter>HTML_Frame</Filter>
    </None>
    <None Include="_Test.html">
      <Filter>페이지</Filter>
    </None>
    <None Include="Global.js">
      <Filter>JavaScript</Filter>
    </None>
    <None Include="__MainFrameLeftBox.html">
      <Filter>HTML_Frame</Filter>
    </None>
    <None Include="__MainFrameList.html">
      <Filter>HTML_Frame</Filter>
    </None>
  </ItemGroup>
</Project>